
Microsoft Visual Studio Solution File, Format Version 11.00
# Visual Studio 2010
Project("{FAE04EC0-301F-11D3-BF4B-00C04F79EFBC}") = "Unity.MemoryProfiler.Editor", "Unity.MemoryProfiler.Editor.csproj", "{67e54dac-0823-634c-4f46-40e234504771}"
EndProject
Project("{FAE04EC0-301F-11D3-BF4B-00C04F79EFBC}") = "Unity.Timeline", "Unity.Timeline.csproj", "{e6d7931f-2ecc-9b7d-9d8b-96e6689a440b}"
EndProject
Project("{FAE04EC0-301F-11D3-BF4B-00C04F79EFBC}") = "Unity.InputSystem", "Unity.InputSystem.csproj", "{87362f1e-9beb-e9fb-a079-5f95ebac97bc}"
EndProject
Project("{FAE04EC0-301F-11D3-BF4B-00C04F79EFBC}") = "QFramework.CoreKit", "QFramework.CoreKit.csproj", "{5a80f621-acd7-29eb-6a1f-757fd6f9818d}"
EndProject
Project("{FAE04EC0-301F-11D3-BF4B-00C04F79EFBC}") = "Unity.ShaderGraph.Editor", "Unity.ShaderGraph.Editor.csproj", "{5e22922d-75d4-ddf8-4f45-a17e5150718d}"
EndProject
Project("{FAE04EC0-301F-11D3-BF4B-00C04F79EFBC}") = "Unity.2D.Aseprite.Editor", "Unity.2D.Aseprite.Editor.csproj", "{bb130f08-2dca-814f-278a-0bfb0298b7aa}"
EndProject
Project("{FAE04EC0-301F-11D3-BF4B-00C04F79EFBC}") = "Unity.VisualScripting.Flow", "Unity.VisualScripting.Flow.csproj", "{efe5ea98-079f-b501-e49b-0293a34bd702}"
EndProject
Project("{FAE04EC0-301F-11D3-BF4B-00C04F79EFBC}") = "Unity.RenderPipelines.Universal.Runtime", "Unity.RenderPipelines.Universal.Runtime.csproj", "{15898281-94d6-ff79-7eca-1fbb6c0c0157}"
EndProject
Project("{FAE04EC0-301F-11D3-BF4B-00C04F79EFBC}") = "UnityEditor.UI", "UnityEditor.UI.csproj", "{c36675c0-c898-b28b-2cf0-812969a64548}"
EndProject
Project("{FAE04EC0-301F-11D3-BF4B-00C04F79EFBC}") = "Unity.Timeline.Editor", "Unity.Timeline.Editor.csproj", "{77647bee-1884-14ed-ec5b-8ae7bd2d49ed}"
EndProject
Project("{FAE04EC0-301F-11D3-BF4B-00C04F79EFBC}") = "Unity.PlasticSCM.Editor", "Unity.PlasticSCM.Editor.csproj", "{e9985f30-8b3c-0066-1e32-115abdb371a0}"
EndProject
Project("{FAE04EC0-301F-11D3-BF4B-00C04F79EFBC}") = "Unity.RenderPipelines.Core.Runtime", "Unity.RenderPipelines.Core.Runtime.csproj", "{a64396ad-c2c7-bc9d-b3db-2f54ce8715e4}"
EndProject
Project("{FAE04EC0-301F-11D3-BF4B-00C04F79EFBC}") = "Unity.ScriptableBuildPipeline.Editor", "Unity.ScriptableBuildPipeline.Editor.csproj", "{e2927080-3c46-d58f-d3d7-23642a4bd9f1}"
EndProject
Project("{FAE04EC0-301F-11D3-BF4B-00C04F79EFBC}") = "Unity.Mathematics", "Unity.Mathematics.csproj", "{2621b61d-5789-d89e-24d1-57db96a7d980}"
EndProject
Project("{FAE04EC0-301F-11D3-BF4B-00C04F79EFBC}") = "Unity.RenderPipelines.Core.Editor", "Unity.RenderPipelines.Core.Editor.csproj", "{4a9e06f1-1ef2-b7d1-2ea8-250b90c8a7a2}"
EndProject
Project("{FAE04EC0-301F-11D3-BF4B-00C04F79EFBC}") = "Unity.2D.Common.Path.Editor", "Unity.2D.Common.Path.Editor.csproj", "{8b0f8349-ecb1-7f2e-0bf8-3261fa00e9a5}"
EndProject
Project("{FAE04EC0-301F-11D3-BF4B-00C04F79EFBC}") = "Unity.2D.Psdimporter.Editor", "Unity.2D.Psdimporter.Editor.csproj", "{9141245f-a994-7ab1-2d53-8b7a61a8de88}"
EndProject
Project("{FAE04EC0-301F-11D3-BF4B-00C04F79EFBC}") = "Unity.VisualScripting.Core.Editor", "Unity.VisualScripting.Core.Editor.csproj", "{cf4640fa-7d34-a966-ef6e-b40961e322fd}"
EndProject
Project("{FAE04EC0-301F-11D3-BF4B-00C04F79EFBC}") = "Unity.2D.IK.Runtime", "Unity.2D.IK.Runtime.csproj", "{2c0079bd-bf78-a0d4-c398-8bdd25f5ae8b}"
EndProject
Project("{FAE04EC0-301F-11D3-BF4B-00C04F79EFBC}") = "UIKit", "UIKit.csproj", "{c7795a69-075d-a108-9474-6ae16d67d6d5}"
EndProject
Project("{FAE04EC0-301F-11D3-BF4B-00C04F79EFBC}") = "UnityEditor.TestRunner", "UnityEditor.TestRunner.csproj", "{b96f6364-013a-6af0-2a3f-7e52c443c001}"
EndProject
Project("{FAE04EC0-301F-11D3-BF4B-00C04F79EFBC}") = "YooAsset.Editor", "YooAsset.Editor.csproj", "{b7d32b5d-88fc-a683-7059-c575cdc1312d}"
EndProject
Project("{FAE04EC0-301F-11D3-BF4B-00C04F79EFBC}") = "Unity.RenderPipelines.Universal.Editor", "Unity.RenderPipelines.Universal.Editor.csproj", "{001c76b6-2281-f02e-d67f-c285ced2bdf1}"
EndProject
Project("{FAE04EC0-301F-11D3-BF4B-00C04F79EFBC}") = "Unity.TextMeshPro.Editor", "Unity.TextMeshPro.Editor.csproj", "{1907594b-b3ef-782d-b203-aed3c24415b6}"
EndProject
Project("{FAE04EC0-301F-11D3-BF4B-00C04F79EFBC}") = "Unity.VisualScripting.Flow.Editor", "Unity.VisualScripting.Flow.Editor.csproj", "{9f001f4d-9448-0999-63d8-b39c4c4c8493}"
EndProject
Project("{FAE04EC0-301F-11D3-BF4B-00C04F79EFBC}") = "UnityEngine.TestRunner", "UnityEngine.TestRunner.csproj", "{b5181d3c-2b60-7d86-31b7-b38247b69094}"
EndProject
Project("{FAE04EC0-301F-11D3-BF4B-00C04F79EFBC}") = "Unity.VisualScripting.Core", "Unity.VisualScripting.Core.csproj", "{78660c4d-447e-c815-0c5b-a92af9372824}"
EndProject
Project("{FAE04EC0-301F-11D3-BF4B-00C04F79EFBC}") = "ResKit", "ResKit.csproj", "{97730f5a-1b36-4885-b5b7-13839dc8ceb3}"
EndProject
Project("{FAE04EC0-301F-11D3-BF4B-00C04F79EFBC}") = "Unity.2D.Tilemap.Editor", "Unity.2D.Tilemap.Editor.csproj", "{0c1b65c2-7aca-3fce-2cbf-8cdbc5e1ee93}"
EndProject
Project("{FAE04EC0-301F-11D3-BF4B-00C04F79EFBC}") = "Unity.Searcher.Editor", "Unity.Searcher.Editor.csproj", "{f0108634-447d-16c9-e367-54b33148201a}"
EndProject
Project("{FAE04EC0-301F-11D3-BF4B-00C04F79EFBC}") = "Unity.Burst", "Unity.Burst.csproj", "{41fd3b10-830e-2818-9e20-67dc45e44437}"
EndProject
Project("{FAE04EC0-301F-11D3-BF4B-00C04F79EFBC}") = "PsdPlugin", "PsdPlugin.csproj", "{d44863ec-d0e9-fe4e-77b7-08ce7288d8b1}"
EndProject
Project("{FAE04EC0-301F-11D3-BF4B-00C04F79EFBC}") = "Unity.Collections", "Unity.Collections.csproj", "{607db013-1116-f35e-f91e-8029bdb2e486}"
EndProject
Project("{FAE04EC0-301F-11D3-BF4B-00C04F79EFBC}") = "Unity.2D.Animation.Editor", "Unity.2D.Animation.Editor.csproj", "{0bdf7486-df60-242f-44de-cd250eeb336f}"
EndProject
Project("{FAE04EC0-301F-11D3-BF4B-00C04F79EFBC}") = "Unity.2D.SpriteShape.Editor", "Unity.2D.SpriteShape.Editor.csproj", "{74e3b927-6779-591f-f265-f2db971c15fa}"
EndProject
Project("{FAE04EC0-301F-11D3-BF4B-00C04F79EFBC}") = "Unity.VisualStudio.Editor", "Unity.VisualStudio.Editor.csproj", "{9d096e73-9ba8-b55a-d51a-59e304b471e4}"
EndProject
Project("{FAE04EC0-301F-11D3-BF4B-00C04F79EFBC}") = "YooAsset", "YooAsset.csproj", "{79efa4ef-0a76-60af-928a-69b2ccf74042}"
EndProject
Project("{FAE04EC0-301F-11D3-BF4B-00C04F79EFBC}") = "PPv2URPConverters", "PPv2URPConverters.csproj", "{7bf50149-4ef0-f87e-5307-b8be6177b895}"
EndProject
Project("{FAE04EC0-301F-11D3-BF4B-00C04F79EFBC}") = "Mischief.MDV.Editor", "Mischief.MDV.Editor.csproj", "{ceaea4b5-003c-1aa2-eaad-10bcc6ca471f}"
EndProject
Project("{FAE04EC0-301F-11D3-BF4B-00C04F79EFBC}") = "Unity.Rider.Editor", "Unity.Rider.Editor.csproj", "{efbcf671-7588-3526-78e3-79ab12d9c42f}"
EndProject
Project("{FAE04EC0-301F-11D3-BF4B-00C04F79EFBC}") = "Unity.InternalAPIEditorBridge.001", "Unity.InternalAPIEditorBridge.001.csproj", "{437bb4f6-879a-ef5e-d4e1-9a73dc18aac9}"
EndProject
Project("{FAE04EC0-301F-11D3-BF4B-00C04F79EFBC}") = "SupportOldQF", "SupportOldQF.csproj", "{7aa26df3-b284-edc2-9b28-082abe6b311b}"
EndProject
Project("{FAE04EC0-301F-11D3-BF4B-00C04F79EFBC}") = "Unity.2D.SpriteShape.Runtime", "Unity.2D.SpriteShape.Runtime.csproj", "{732359d4-8094-2ab7-e24e-e2c9a70455a2}"
EndProject
Project("{FAE04EC0-301F-11D3-BF4B-00C04F79EFBC}") = "Unity.VisualScripting.State.Editor", "Unity.VisualScripting.State.Editor.csproj", "{8b54b3c2-cf68-b478-9c40-02933ed39bba}"
EndProject
Project("{FAE04EC0-301F-11D3-BF4B-00C04F79EFBC}") = "UnityEngine.UI", "UnityEngine.UI.csproj", "{d7acca80-f259-5a40-c34d-f644f01f7e9e}"
EndProject
Project("{FAE04EC0-301F-11D3-BF4B-00C04F79EFBC}") = "Unity.Burst.CodeGen", "Unity.Burst.CodeGen.csproj", "{d64eaab7-83ee-88f5-55c9-5e726f3928ba}"
EndProject
Project("{FAE04EC0-301F-11D3-BF4B-00C04F79EFBC}") = "Unity.RenderPipeline.Universal.ShaderLibrary", "Unity.RenderPipeline.Universal.ShaderLibrary.csproj", "{da8df2a1-074c-10a2-00cc-9a6f3ecc2c03}"
EndProject
Project("{FAE04EC0-301F-11D3-BF4B-00C04F79EFBC}") = "Unity.VisualScripting.State", "Unity.VisualScripting.State.csproj", "{b7aa0aad-e967-5c12-fea2-147dc2739172}"
EndProject
Project("{FAE04EC0-301F-11D3-BF4B-00C04F79EFBC}") = "Unity.TextMeshPro", "Unity.TextMeshPro.csproj", "{0c618355-ab7b-043f-9171-3db8d948eb88}"
EndProject
Project("{FAE04EC0-301F-11D3-BF4B-00C04F79EFBC}") = "Unity.2D.Tilemap.Extras.Editor", "Unity.2D.Tilemap.Extras.Editor.csproj", "{0f44e799-89de-a852-72a9-d887a0c291b0}"
EndProject
Project("{FAE04EC0-301F-11D3-BF4B-00C04F79EFBC}") = "Unity.2D.Animation.Runtime", "Unity.2D.Animation.Runtime.csproj", "{b4fc3ea0-3844-8d8c-5203-25631116cb8d}"
EndProject
Project("{FAE04EC0-301F-11D3-BF4B-00C04F79EFBC}") = "Unity.VisualScripting.SettingsProvider.Editor", "Unity.VisualScripting.SettingsProvider.Editor.csproj", "{9579e4f9-e71a-ab60-6355-6451173f29e8}"
EndProject
Project("{FAE04EC0-301F-11D3-BF4B-00C04F79EFBC}") = "Unity.VSCode.Editor", "Unity.VSCode.Editor.csproj", "{022ead6d-c39a-76e1-c4a4-3af4ac95fe41}"
EndProject
Project("{FAE04EC0-301F-11D3-BF4B-00C04F79EFBC}") = "Unity.2D.IK.Editor", "Unity.2D.IK.Editor.csproj", "{c44d2f52-d479-ce19-456e-6badcb0e80d7}"
EndProject
Project("{FAE04EC0-301F-11D3-BF4B-00C04F79EFBC}") = "Unity.InternalAPIEngineBridge.001", "Unity.InternalAPIEngineBridge.001.csproj", "{1dea98e2-c90e-9e2b-220b-f88c0cd8c34e}"
EndProject
Project("{FAE04EC0-301F-11D3-BF4B-00C04F79EFBC}") = "Unity.2D.Aseprite.Common", "Unity.2D.Aseprite.Common.csproj", "{0a876dc5-0cc6-c8ec-fc86-1e1708f4a0b7}"
EndProject
Project("{FAE04EC0-301F-11D3-BF4B-00C04F79EFBC}") = "Unity.Burst.Editor", "Unity.Burst.Editor.csproj", "{617a38eb-82c8-1aee-9afd-a1b339e1d83f}"
EndProject
Project("{FAE04EC0-301F-11D3-BF4B-00C04F79EFBC}") = "Unity.2D.Common.Editor", "Unity.2D.Common.Editor.csproj", "{63b5bc96-854e-e601-79bd-f14fc87adde0}"
EndProject
Project("{FAE04EC0-301F-11D3-BF4B-00C04F79EFBC}") = "UIKit.Editor", "UIKit.Editor.csproj", "{7b342d62-516e-e85d-09d2-61d36830b321}"
EndProject
Project("{FAE04EC0-301F-11D3-BF4B-00C04F79EFBC}") = "ResKit.Editor", "ResKit.Editor.csproj", "{ddfcc9be-850d-d32b-2502-7f02f356c133}"
EndProject
Project("{FAE04EC0-301F-11D3-BF4B-00C04F79EFBC}") = "Unity.2D.PixelPerfect", "Unity.2D.PixelPerfect.csproj", "{99d20304-1462-8e74-8955-a470422aef4e}"
EndProject
Project("{FAE04EC0-301F-11D3-BF4B-00C04F79EFBC}") = "Unity.2D.PixelPerfect.Editor", "Unity.2D.PixelPerfect.Editor.csproj", "{3dcc3f5e-89b4-8f7b-d5ab-d78fe8fb39d0}"
EndProject
Project("{FAE04EC0-301F-11D3-BF4B-00C04F79EFBC}") = "AudioKit", "AudioKit.csproj", "{39038bed-9e49-2eb0-2272-50223769134c}"
EndProject
Project("{FAE04EC0-301F-11D3-BF4B-00C04F79EFBC}") = "Unity.2D.Common.Runtime", "Unity.2D.Common.Runtime.csproj", "{6b1f127e-a81a-eea2-89a5-3e01684cc71c}"
EndProject
Project("{FAE04EC0-301F-11D3-BF4B-00C04F79EFBC}") = "Unity.2D.Sprite.Editor", "Unity.2D.Sprite.Editor.csproj", "{9787254b-b229-ae6f-c883-12f2e9d95ed5}"
EndProject
Project("{FAE04EC0-301F-11D3-BF4B-00C04F79EFBC}") = "Unity.MemoryProfiler.Editor.MemoryProfilerModule", "Unity.MemoryProfiler.Editor.MemoryProfilerModule.csproj", "{7699a7ad-28c0-4bbc-0edf-368c88bb8083}"
EndProject
Project("{FAE04EC0-301F-11D3-BF4B-00C04F79EFBC}") = "Unity.InputSystem.ForUI", "Unity.InputSystem.ForUI.csproj", "{f0a311a2-dcc7-fe2e-5923-04973b9fe51b}"
EndProject
Project("{FAE04EC0-301F-11D3-BF4B-00C04F79EFBC}") = "Unity.MemoryProfiler", "Unity.MemoryProfiler.csproj", "{a40e75f9-b3f5-b264-33e5-5cba4c41815c}"
EndProject
Project("{FAE04EC0-301F-11D3-BF4B-00C04F79EFBC}") = "Unity.Mathematics.Editor", "Unity.Mathematics.Editor.csproj", "{2e9b7ec5-6a44-c178-09fc-8067912f2d5d}"
EndProject
Project("{FAE04EC0-301F-11D3-BF4B-00C04F79EFBC}") = "Unity.2D.Tilemap.Extras", "Unity.2D.Tilemap.Extras.csproj", "{adcea958-aca0-fccb-fac4-463168a91087}"
EndProject
Project("{FAE04EC0-301F-11D3-BF4B-00C04F79EFBC}") = "Unity.InputSystem.TestFramework", "Unity.InputSystem.TestFramework.csproj", "{6dd58234-f148-7377-f3e9-6d7ce31d29f5}"
EndProject
Project("{FAE04EC0-301F-11D3-BF4B-00C04F79EFBC}") = "Unity.InternalAPIEditorBridge.005", "Unity.InternalAPIEditorBridge.005.csproj", "{bbb09d81-86ea-eb77-cd7c-55d05c7cc2f8}"
EndProject
Project("{FAE04EC0-301F-11D3-BF4B-00C04F79EFBC}") = "Unity.ShaderGraph.Utilities", "Unity.ShaderGraph.Utilities.csproj", "{45b6c931-1a5e-f496-33b1-ca2534d9763c}"
EndProject
Project("{FAE04EC0-301F-11D3-BF4B-00C04F79EFBC}") = "Assembly-CSharp-Editor", "Assembly-CSharp-Editor.csproj", "{739e6412-271f-b0f2-8bdf-9ae41b1d74e0}"
EndProject
Project("{FAE04EC0-301F-11D3-BF4B-00C04F79EFBC}") = "Unity.VisualScripting.Shared.Editor", "Unity.VisualScripting.Shared.Editor.csproj", "{0db0fe34-30cf-9342-37ef-a00b2de5a50b}"
EndProject
Project("{FAE04EC0-301F-11D3-BF4B-00C04F79EFBC}") = "Unity.EditorCoroutines.Editor", "Unity.EditorCoroutines.Editor.csproj", "{def62095-a573-3e21-8560-321625ca09e5}"
EndProject
Project("{FAE04EC0-301F-11D3-BF4B-00C04F79EFBC}") = "Assembly-CSharp", "Assembly-CSharp.csproj", "{e94dc475-5c64-3c22-146a-db296ed56aa1}"
EndProject
Project("{FAE04EC0-301F-11D3-BF4B-00C04F79EFBC}") = "Unity.ScriptableBuildPipeline", "Unity.ScriptableBuildPipeline.csproj", "{9048acda-42bb-af81-00c0-a7a376294f45}"
EndProject
Project("{FAE04EC0-301F-11D3-BF4B-00C04F79EFBC}") = "Unity.Collections.DocCodeSamples", "Unity.Collections.DocCodeSamples.csproj", "{029cc2f2-2168-8f3b-b935-c7950a2a80d0}"
EndProject
Project("{FAE04EC0-301F-11D3-BF4B-00C04F79EFBC}") = "QFramework", "QFramework.csproj", "{698c86eb-79d1-b2ca-0c6d-c57ed784ee02}"
EndProject
Project("{FAE04EC0-301F-11D3-BF4B-00C04F79EFBC}") = "Unity.Collections.BurstCompatibilityGen", "Unity.Collections.BurstCompatibilityGen.csproj", "{4246bafb-0e4e-9f97-bff2-87a957585896}"
EndProject
Project("{FAE04EC0-301F-11D3-BF4B-00C04F79EFBC}") = "Unity.RenderPipelines.Universal.Config.Runtime", "Unity.RenderPipelines.Universal.Config.Runtime.csproj", "{aef5245b-efc9-d311-2c8b-bbb9b45505bb}"
EndProject
Project("{FAE04EC0-301F-11D3-BF4B-00C04F79EFBC}") = "Unity.CollabProxy.Editor", "Unity.CollabProxy.Editor.csproj", "{ceede67b-a671-d7f5-4fd6-7735c2b5ae9c}"
EndProject
Project("{FAE04EC0-301F-11D3-BF4B-00C04F79EFBC}") = "Unity.RenderPipelines.ShaderGraph.ShaderGraphLibrary", "Unity.RenderPipelines.ShaderGraph.ShaderGraphLibrary.csproj", "{5f4238f7-66a4-9298-d2ac-a83852ea709d}"
EndProject
Project("{FAE04EC0-301F-11D3-BF4B-00C04F79EFBC}") = "Unity.RenderPipelines.Core.ShaderLibrary", "Unity.RenderPipelines.Core.ShaderLibrary.csproj", "{af7dbe2e-0a6c-52e0-a9f4-a4d88857c896}"
EndProject
Project("{FAE04EC0-301F-11D3-BF4B-00C04F79EFBC}") = "Unity.RenderPipelines.Universal.Shaders", "Unity.RenderPipelines.Universal.Shaders.csproj", "{9e2a53aa-d9a3-5514-eb6d-9c27e1977fe3}"
EndProject
Project("{FAE04EC0-301F-11D3-BF4B-00C04F79EFBC}") = "Unity.Timeline", "Unity.Timeline.Player.csproj", "{197f21e0-949f-2ae5-c449-721fd0a75864}"
EndProject
Project("{FAE04EC0-301F-11D3-BF4B-00C04F79EFBC}") = "Unity.InputSystem", "Unity.InputSystem.Player.csproj", "{a34c27e7-8fc9-a8fb-3f6c-39ea3944dfea}"
EndProject
Project("{FAE04EC0-301F-11D3-BF4B-00C04F79EFBC}") = "QFramework.CoreKit", "QFramework.CoreKit.Player.csproj", "{880479db-f73a-e71c-dd23-491b1f5d63f5}"
EndProject
Project("{FAE04EC0-301F-11D3-BF4B-00C04F79EFBC}") = "Unity.VisualScripting.Flow", "Unity.VisualScripting.Flow.Player.csproj", "{a4b0bd6a-acd6-c65c-4df9-7e63beb0a41c}"
EndProject
Project("{FAE04EC0-301F-11D3-BF4B-00C04F79EFBC}") = "Unity.RenderPipelines.Universal.Runtime", "Unity.RenderPipelines.Universal.Runtime.Player.csproj", "{8014d164-144f-d439-d9b0-9f3780d91af2}"
EndProject
Project("{FAE04EC0-301F-11D3-BF4B-00C04F79EFBC}") = "Unity.RenderPipelines.Core.Runtime", "Unity.RenderPipelines.Core.Runtime.Player.csproj", "{87d1eb35-21f4-c322-d656-089904963687}"
EndProject
Project("{FAE04EC0-301F-11D3-BF4B-00C04F79EFBC}") = "Unity.Mathematics", "Unity.Mathematics.Player.csproj", "{417e199e-453c-79fd-e1a5-f88caeea5e7c}"
EndProject
Project("{FAE04EC0-301F-11D3-BF4B-00C04F79EFBC}") = "Unity.2D.IK.Runtime", "Unity.2D.IK.Runtime.Player.csproj", "{bb66e746-bb00-cf01-6257-d8859933affa}"
EndProject
Project("{FAE04EC0-301F-11D3-BF4B-00C04F79EFBC}") = "UIKit", "UIKit.Player.csproj", "{052637cf-8db3-cdb2-e5a7-c703db59a77c}"
EndProject
Project("{FAE04EC0-301F-11D3-BF4B-00C04F79EFBC}") = "UnityEngine.TestRunner", "UnityEngine.TestRunner.Player.csproj", "{a8612a07-b957-4875-c7e5-373c7da2b83c}"
EndProject
Project("{FAE04EC0-301F-11D3-BF4B-00C04F79EFBC}") = "Unity.VisualScripting.Core", "Unity.VisualScripting.Core.Player.csproj", "{da640a38-8518-42f1-3fa9-0f8c2aeeeb63}"
EndProject
Project("{FAE04EC0-301F-11D3-BF4B-00C04F79EFBC}") = "ResKit", "ResKit.Player.csproj", "{343dfa65-ffc8-889b-69c1-05de1fff89c4}"
EndProject
Project("{FAE04EC0-301F-11D3-BF4B-00C04F79EFBC}") = "Unity.Burst", "Unity.Burst.Player.csproj", "{edeee20f-a8b5-1264-eb56-bc57604c89cd}"
EndProject
Project("{FAE04EC0-301F-11D3-BF4B-00C04F79EFBC}") = "Unity.Collections", "Unity.Collections.Player.csproj", "{ab21ee04-3ca0-021f-9f16-57559039ac28}"
EndProject
Project("{FAE04EC0-301F-11D3-BF4B-00C04F79EFBC}") = "YooAsset", "YooAsset.Player.csproj", "{e4a8429e-9c40-3166-d8de-7b226b160796}"
EndProject
Project("{FAE04EC0-301F-11D3-BF4B-00C04F79EFBC}") = "SupportOldQF", "SupportOldQF.Player.csproj", "{2c40feab-625a-2325-aae2-a9906800adb7}"
EndProject
Project("{FAE04EC0-301F-11D3-BF4B-00C04F79EFBC}") = "Unity.2D.SpriteShape.Runtime", "Unity.2D.SpriteShape.Runtime.Player.csproj", "{14c8f3ec-8173-ce2d-ba1e-594f8a597f42}"
EndProject
Project("{FAE04EC0-301F-11D3-BF4B-00C04F79EFBC}") = "UnityEngine.UI", "UnityEngine.UI.Player.csproj", "{338acee6-bcaa-78d1-a617-c2822a77f441}"
EndProject
Project("{FAE04EC0-301F-11D3-BF4B-00C04F79EFBC}") = "Unity.RenderPipeline.Universal.ShaderLibrary", "Unity.RenderPipeline.Universal.ShaderLibrary.Player.csproj", "{cb5cf4f6-b799-3531-8879-a7abe098c1f5}"
EndProject
Project("{FAE04EC0-301F-11D3-BF4B-00C04F79EFBC}") = "Unity.VisualScripting.State", "Unity.VisualScripting.State.Player.csproj", "{0a2a74db-cf83-7923-ae81-a0d86e84924c}"
EndProject
Project("{FAE04EC0-301F-11D3-BF4B-00C04F79EFBC}") = "Unity.TextMeshPro", "Unity.TextMeshPro.Player.csproj", "{ba23a841-a264-af9a-e84b-2134a8b38c2f}"
EndProject
Project("{FAE04EC0-301F-11D3-BF4B-00C04F79EFBC}") = "Unity.2D.Animation.Runtime", "Unity.2D.Animation.Runtime.Player.csproj", "{84e5f5d1-fb86-859d-b4be-c855aa728f49}"
EndProject
Project("{FAE04EC0-301F-11D3-BF4B-00C04F79EFBC}") = "Unity.InternalAPIEngineBridge.001", "Unity.InternalAPIEngineBridge.001.Player.csproj", "{aedb199e-3965-dc69-7760-c13ac03635a2}"
EndProject
Project("{FAE04EC0-301F-11D3-BF4B-00C04F79EFBC}") = "Unity.2D.PixelPerfect", "Unity.2D.PixelPerfect.Player.csproj", "{b89cd5f3-5589-1a4a-1054-82f5ca82db2d}"
EndProject
Project("{FAE04EC0-301F-11D3-BF4B-00C04F79EFBC}") = "AudioKit", "AudioKit.Player.csproj", "{8fc71ac7-b713-4902-2554-6ada2d8fd1e4}"
EndProject
Project("{FAE04EC0-301F-11D3-BF4B-00C04F79EFBC}") = "Unity.2D.Common.Runtime", "Unity.2D.Common.Runtime.Player.csproj", "{b1135ea3-fa46-4ae2-73e9-6ee708ae5dfb}"
EndProject
Project("{FAE04EC0-301F-11D3-BF4B-00C04F79EFBC}") = "Unity.InputSystem.ForUI", "Unity.InputSystem.ForUI.Player.csproj", "{8e6767a0-9a61-c8a5-63d8-61cd928e9fc2}"
EndProject
Project("{FAE04EC0-301F-11D3-BF4B-00C04F79EFBC}") = "Unity.MemoryProfiler", "Unity.MemoryProfiler.Player.csproj", "{a74b83df-362a-5f05-8aa0-4c2146ebfefa}"
EndProject
Project("{FAE04EC0-301F-11D3-BF4B-00C04F79EFBC}") = "Unity.2D.Tilemap.Extras", "Unity.2D.Tilemap.Extras.Player.csproj", "{bfd77383-a219-6886-0c12-2c28b666a319}"
EndProject
Project("{FAE04EC0-301F-11D3-BF4B-00C04F79EFBC}") = "Unity.InputSystem.TestFramework", "Unity.InputSystem.TestFramework.Player.csproj", "{7643641d-c656-53fd-96c9-555940d1202b}"
EndProject
Project("{FAE04EC0-301F-11D3-BF4B-00C04F79EFBC}") = "Assembly-CSharp", "Assembly-CSharp.Player.csproj", "{06d35502-649d-ea26-64fc-e5dcefc79893}"
EndProject
Project("{FAE04EC0-301F-11D3-BF4B-00C04F79EFBC}") = "Unity.ScriptableBuildPipeline", "Unity.ScriptableBuildPipeline.Player.csproj", "{dc4f5496-1c72-c3b4-d8bb-c46aaca48926}"
EndProject
Project("{FAE04EC0-301F-11D3-BF4B-00C04F79EFBC}") = "QFramework", "QFramework.Player.csproj", "{43462c57-0fab-e17c-7990-f9a0836c958f}"
EndProject
Project("{FAE04EC0-301F-11D3-BF4B-00C04F79EFBC}") = "Unity.RenderPipelines.Universal.Config.Runtime", "Unity.RenderPipelines.Universal.Config.Runtime.Player.csproj", "{e909e2b6-529a-a4fe-6e55-e249d4d96d04}"
EndProject
Project("{FAE04EC0-301F-11D3-BF4B-00C04F79EFBC}") = "Unity.RenderPipelines.ShaderGraph.ShaderGraphLibrary", "Unity.RenderPipelines.ShaderGraph.ShaderGraphLibrary.Player.csproj", "{b1625add-16d8-6e59-7245-b8e860b60c30}"
EndProject
Project("{FAE04EC0-301F-11D3-BF4B-00C04F79EFBC}") = "Unity.RenderPipelines.Core.ShaderLibrary", "Unity.RenderPipelines.Core.ShaderLibrary.Player.csproj", "{7cecf49d-04fb-d181-a9d2-da078327be82}"
EndProject
Project("{FAE04EC0-301F-11D3-BF4B-00C04F79EFBC}") = "Unity.RenderPipelines.Universal.Shaders", "Unity.RenderPipelines.Universal.Shaders.Player.csproj", "{c65a4db8-29ed-7c94-e8e7-1c0397eea21e}"
EndProject
Project("{FAE04EC0-301F-11D3-BF4B-00C04F79EFBC}") = "UnityEngine.UI.Tests", "UnityEngine.UI.Tests.csproj", "{86fa946a-961a-7da4-ad35-1f419cfbd015}"
EndProject
Project("{FAE04EC0-301F-11D3-BF4B-00C04F79EFBC}") = "UnityEditor.UI.EditorTests", "UnityEditor.UI.EditorTests.csproj", "{4bec207d-3fe0-3e29-3b61-de7d73712a12}"
EndProject
Project("{FAE04EC0-301F-11D3-BF4B-00C04F79EFBC}") = "Unity.Mathematics.Tests", "Unity.Mathematics.Tests.csproj", "{2920441f-ba40-fdec-9723-4782a7d34dc3}"
EndProject
Project("{FAE04EC0-301F-11D3-BF4B-00C04F79EFBC}") = "Unity.TextMeshPro.Tests", "Unity.TextMeshPro.Tests.csproj", "{28143829-5a7f-53a5-7b16-40a85a003449}"
EndProject
Project("{FAE04EC0-301F-11D3-BF4B-00C04F79EFBC}") = "Unity.2D.Aseprite.EditorTests", "Unity.2D.Aseprite.EditorTests.csproj", "{43fe5167-3989-91f6-63f4-d77c6cd2cc7b}"
EndProject
Project("{FAE04EC0-301F-11D3-BF4B-00C04F79EFBC}") = "Unity.RenderPipelines.Core.Editor.Tests", "Unity.RenderPipelines.Core.Editor.Tests.csproj", "{4412f330-47b8-2245-1c12-852a77949c7f}"
EndProject
Project("{FAE04EC0-301F-11D3-BF4B-00C04F79EFBC}") = "Unity.RenderPipelines.Universal.Config.Editor.Tests", "Unity.RenderPipelines.Universal.Config.Editor.Tests.csproj", "{a73d5bf8-d50c-1dd7-069e-54eed3bd4b98}"
EndProject
Project("{FAE04EC0-301F-11D3-BF4B-00C04F79EFBC}") = "Unity.RenderPipelines.Core.Runtime.Tests", "Unity.RenderPipelines.Core.Runtime.Tests.csproj", "{16ccb8b0-eb35-9dda-8c8f-e87214b5868a}"
EndProject
Project("{FAE04EC0-301F-11D3-BF4B-00C04F79EFBC}") = "Unity.ScriptableBuildPipeline.Editor.Tests", "Unity.ScriptableBuildPipeline.Editor.Tests.csproj", "{a7c5ea05-3783-773b-6929-3db62aa580b5}"
EndProject
Project("{FAE04EC0-301F-11D3-BF4B-00C04F79EFBC}") = "Unity.2D.Sprite.Package.EditorTests", "Unity.2D.Sprite.Package.EditorTests.csproj", "{f0b23119-9961-77df-b1f4-ce242d6b7783}"
EndProject
Project("{FAE04EC0-301F-11D3-BF4B-00C04F79EFBC}") = "Unity.2D.Tilemap.Package.EditorTests", "Unity.2D.Tilemap.Package.EditorTests.csproj", "{84dac5f6-de99-4ea4-7ecb-54b079282144}"
EndProject
Project("{FAE04EC0-301F-11D3-BF4B-00C04F79EFBC}") = "Unity.Burst.Tests.UnitTests", "Unity.Burst.Tests.UnitTests.csproj", "{1e2160ad-794e-a155-fbbf-556f732d3d59}"
EndProject
Project("{FAE04EC0-301F-11D3-BF4B-00C04F79EFBC}") = "Unity.2D.PixelPerfect.EditorTests", "Unity.2D.PixelPerfect.EditorTests.csproj", "{dd281e3d-4349-c879-153d-9d8eeb338ddf}"
EndProject
Project("{FAE04EC0-301F-11D3-BF4B-00C04F79EFBC}") = "Unity.Burst.Editor.Tests", "Unity.Burst.Editor.Tests.csproj", "{e64e832c-ae82-1cb6-7d54-8b33b964ad5e}"
EndProject
Project("{FAE04EC0-301F-11D3-BF4B-00C04F79EFBC}") = "Unity.2D.SpriteShape.EditorTests", "Unity.2D.SpriteShape.EditorTests.csproj", "{a2fdf86a-9b40-bd55-8221-ad21833aa47b}"
EndProject
Project("{FAE04EC0-301F-11D3-BF4B-00C04F79EFBC}") = "Unity.2D.Common.EditorTests", "Unity.2D.Common.EditorTests.csproj", "{13278498-53c5-c80f-f9ac-d96001bae037}"
EndProject
Project("{FAE04EC0-301F-11D3-BF4B-00C04F79EFBC}") = "Unity.Searcher.EditorTests", "Unity.Searcher.EditorTests.csproj", "{fc625607-1e55-5296-06ec-1e35553f26db}"
EndProject
Project("{FAE04EC0-301F-11D3-BF4B-00C04F79EFBC}") = "Unity.2D.Psdimporter.EditorTests", "Unity.2D.Psdimporter.EditorTests.csproj", "{3a1d553a-124a-7a99-da02-1778434b19f9}"
EndProject
Project("{FAE04EC0-301F-11D3-BF4B-00C04F79EFBC}") = "Unity.RenderPipelines.Universal.Runtime.Tests", "Unity.RenderPipelines.Universal.Runtime.Tests.csproj", "{7a4dc21e-3bc3-4183-4468-7e64c95f9384}"
EndProject
Project("{FAE04EC0-301F-11D3-BF4B-00C04F79EFBC}") = "DocCodeExamples", "DocCodeExamples.csproj", "{d472f5f8-7be8-bb95-82af-ecf3cacb7b7c}"
EndProject
Project("{FAE04EC0-301F-11D3-BF4B-00C04F79EFBC}") = "Unity.RenderPipelines.Universal.Editor.Tests", "Unity.RenderPipelines.Universal.Editor.Tests.csproj", "{51f522ee-a3fa-f4e4-62d3-ca90f2f47d58}"
EndProject
Project("{FAE04EC0-301F-11D3-BF4B-00C04F79EFBC}") = "Unity.ShaderGraph.Editor.Tests", "Unity.ShaderGraph.Editor.Tests.csproj", "{3fada54a-3320-34d9-fbc9-2014b17afeda}"
EndProject
Project("{FAE04EC0-301F-11D3-BF4B-00C04F79EFBC}") = "Unity.TextMeshPro.Editor.Tests", "Unity.TextMeshPro.Editor.Tests.csproj", "{b54438fc-0a82-e0b1-b821-15ebd290aa97}"
EndProject
Project("{FAE04EC0-301F-11D3-BF4B-00C04F79EFBC}") = "Unity.InputSystem.IntegrationTests", "Unity.InputSystem.IntegrationTests.csproj", "{2b4631b3-dc27-5612-41b8-d31b1d35dbdf}"
EndProject
Project("{FAE04EC0-301F-11D3-BF4B-00C04F79EFBC}") = "Unity.2D.Tilemap.Extras.Placeholder.EditorTests", "Unity.2D.Tilemap.Extras.Placeholder.EditorTests.csproj", "{fbb38adb-a303-0239-9b56-26dba58c8671}"
EndProject
Project("{FAE04EC0-301F-11D3-BF4B-00C04F79EFBC}") = "Unity.ScriptableBuildPipeline.Tests", "Unity.ScriptableBuildPipeline.Tests.csproj", "{39e2d0b5-4fc0-3460-4a7c-d011a7efc9e3}"
EndProject
Project("{FAE04EC0-301F-11D3-BF4B-00C04F79EFBC}") = "Unity.Collections.Tests", "Unity.Collections.Tests.csproj", "{0039fdb4-2912-3ed8-fc25-90ff553c0d6b}"
EndProject
Project("{FAE04EC0-301F-11D3-BF4B-00C04F79EFBC}") = "SeparateAssembly", "SeparateAssembly.csproj", "{e7362e53-b3ce-d446-b2d3-b4f689066b27}"
EndProject
Project("{FAE04EC0-301F-11D3-BF4B-00C04F79EFBC}") = "Unity.2D.Animation.EditorTests", "Unity.2D.Animation.EditorTests.csproj", "{f66e04f5-f65a-f52c-16e3-259937e2b9f5}"
EndProject
Project("{FAE04EC0-301F-11D3-BF4B-00C04F79EFBC}") = "Unity.Collections.Tests.Playmode", "Unity.Collections.Tests.Playmode.csproj", "{0e59c791-45ce-bfd7-c296-20ea48d47dce}"
EndProject
Project("{FAE04EC0-301F-11D3-BF4B-00C04F79EFBC}") = "OverloadedFunctionPointers", "OverloadedFunctionPointers.csproj", "{2966ff2a-bc0a-fd9c-f0a6-8337d67ce2e5}"
EndProject
Global
	GlobalSection(SolutionConfigurationPlatforms) = preSolution
		Debug|Any CPU = Debug|Any CPU
	EndGlobalSection
	GlobalSection(ProjectConfigurationPlatforms) = postSolution
		{67e54dac-0823-634c-4f46-40e234504771}.Debug|Any CPU.ActiveCfg = Debug|Any CPU
		{67e54dac-0823-634c-4f46-40e234504771}.Debug|Any CPU.Build.0 = Debug|Any CPU
		{e6d7931f-2ecc-9b7d-9d8b-96e6689a440b}.Debug|Any CPU.ActiveCfg = Debug|Any CPU
		{e6d7931f-2ecc-9b7d-9d8b-96e6689a440b}.Debug|Any CPU.Build.0 = Debug|Any CPU
		{87362f1e-9beb-e9fb-a079-5f95ebac97bc}.Debug|Any CPU.ActiveCfg = Debug|Any CPU
		{87362f1e-9beb-e9fb-a079-5f95ebac97bc}.Debug|Any CPU.Build.0 = Debug|Any CPU
		{5a80f621-acd7-29eb-6a1f-757fd6f9818d}.Debug|Any CPU.ActiveCfg = Debug|Any CPU
		{5a80f621-acd7-29eb-6a1f-757fd6f9818d}.Debug|Any CPU.Build.0 = Debug|Any CPU
		{5e22922d-75d4-ddf8-4f45-a17e5150718d}.Debug|Any CPU.ActiveCfg = Debug|Any CPU
		{5e22922d-75d4-ddf8-4f45-a17e5150718d}.Debug|Any CPU.Build.0 = Debug|Any CPU
		{bb130f08-2dca-814f-278a-0bfb0298b7aa}.Debug|Any CPU.ActiveCfg = Debug|Any CPU
		{bb130f08-2dca-814f-278a-0bfb0298b7aa}.Debug|Any CPU.Build.0 = Debug|Any CPU
		{efe5ea98-079f-b501-e49b-0293a34bd702}.Debug|Any CPU.ActiveCfg = Debug|Any CPU
		{efe5ea98-079f-b501-e49b-0293a34bd702}.Debug|Any CPU.Build.0 = Debug|Any CPU
		{15898281-94d6-ff79-7eca-1fbb6c0c0157}.Debug|Any CPU.ActiveCfg = Debug|Any CPU
		{15898281-94d6-ff79-7eca-1fbb6c0c0157}.Debug|Any CPU.Build.0 = Debug|Any CPU
		{c36675c0-c898-b28b-2cf0-812969a64548}.Debug|Any CPU.ActiveCfg = Debug|Any CPU
		{c36675c0-c898-b28b-2cf0-812969a64548}.Debug|Any CPU.Build.0 = Debug|Any CPU
		{77647bee-1884-14ed-ec5b-8ae7bd2d49ed}.Debug|Any CPU.ActiveCfg = Debug|Any CPU
		{77647bee-1884-14ed-ec5b-8ae7bd2d49ed}.Debug|Any CPU.Build.0 = Debug|Any CPU
		{e9985f30-8b3c-0066-1e32-115abdb371a0}.Debug|Any CPU.ActiveCfg = Debug|Any CPU
		{e9985f30-8b3c-0066-1e32-115abdb371a0}.Debug|Any CPU.Build.0 = Debug|Any CPU
		{a64396ad-c2c7-bc9d-b3db-2f54ce8715e4}.Debug|Any CPU.ActiveCfg = Debug|Any CPU
		{a64396ad-c2c7-bc9d-b3db-2f54ce8715e4}.Debug|Any CPU.Build.0 = Debug|Any CPU
		{e2927080-3c46-d58f-d3d7-23642a4bd9f1}.Debug|Any CPU.ActiveCfg = Debug|Any CPU
		{e2927080-3c46-d58f-d3d7-23642a4bd9f1}.Debug|Any CPU.Build.0 = Debug|Any CPU
		{2621b61d-5789-d89e-24d1-57db96a7d980}.Debug|Any CPU.ActiveCfg = Debug|Any CPU
		{2621b61d-5789-d89e-24d1-57db96a7d980}.Debug|Any CPU.Build.0 = Debug|Any CPU
		{4a9e06f1-1ef2-b7d1-2ea8-250b90c8a7a2}.Debug|Any CPU.ActiveCfg = Debug|Any CPU
		{4a9e06f1-1ef2-b7d1-2ea8-250b90c8a7a2}.Debug|Any CPU.Build.0 = Debug|Any CPU
		{8b0f8349-ecb1-7f2e-0bf8-3261fa00e9a5}.Debug|Any CPU.ActiveCfg = Debug|Any CPU
		{8b0f8349-ecb1-7f2e-0bf8-3261fa00e9a5}.Debug|Any CPU.Build.0 = Debug|Any CPU
		{9141245f-a994-7ab1-2d53-8b7a61a8de88}.Debug|Any CPU.ActiveCfg = Debug|Any CPU
		{9141245f-a994-7ab1-2d53-8b7a61a8de88}.Debug|Any CPU.Build.0 = Debug|Any CPU
		{cf4640fa-7d34-a966-ef6e-b40961e322fd}.Debug|Any CPU.ActiveCfg = Debug|Any CPU
		{cf4640fa-7d34-a966-ef6e-b40961e322fd}.Debug|Any CPU.Build.0 = Debug|Any CPU
		{2c0079bd-bf78-a0d4-c398-8bdd25f5ae8b}.Debug|Any CPU.ActiveCfg = Debug|Any CPU
		{2c0079bd-bf78-a0d4-c398-8bdd25f5ae8b}.Debug|Any CPU.Build.0 = Debug|Any CPU
		{c7795a69-075d-a108-9474-6ae16d67d6d5}.Debug|Any CPU.ActiveCfg = Debug|Any CPU
		{c7795a69-075d-a108-9474-6ae16d67d6d5}.Debug|Any CPU.Build.0 = Debug|Any CPU
		{b96f6364-013a-6af0-2a3f-7e52c443c001}.Debug|Any CPU.ActiveCfg = Debug|Any CPU
		{b96f6364-013a-6af0-2a3f-7e52c443c001}.Debug|Any CPU.Build.0 = Debug|Any CPU
		{b7d32b5d-88fc-a683-7059-c575cdc1312d}.Debug|Any CPU.ActiveCfg = Debug|Any CPU
		{b7d32b5d-88fc-a683-7059-c575cdc1312d}.Debug|Any CPU.Build.0 = Debug|Any CPU
		{001c76b6-2281-f02e-d67f-c285ced2bdf1}.Debug|Any CPU.ActiveCfg = Debug|Any CPU
		{001c76b6-2281-f02e-d67f-c285ced2bdf1}.Debug|Any CPU.Build.0 = Debug|Any CPU
		{1907594b-b3ef-782d-b203-aed3c24415b6}.Debug|Any CPU.ActiveCfg = Debug|Any CPU
		{1907594b-b3ef-782d-b203-aed3c24415b6}.Debug|Any CPU.Build.0 = Debug|Any CPU
		{9f001f4d-9448-0999-63d8-b39c4c4c8493}.Debug|Any CPU.ActiveCfg = Debug|Any CPU
		{9f001f4d-9448-0999-63d8-b39c4c4c8493}.Debug|Any CPU.Build.0 = Debug|Any CPU
		{b5181d3c-2b60-7d86-31b7-b38247b69094}.Debug|Any CPU.ActiveCfg = Debug|Any CPU
		{b5181d3c-2b60-7d86-31b7-b38247b69094}.Debug|Any CPU.Build.0 = Debug|Any CPU
		{78660c4d-447e-c815-0c5b-a92af9372824}.Debug|Any CPU.ActiveCfg = Debug|Any CPU
		{78660c4d-447e-c815-0c5b-a92af9372824}.Debug|Any CPU.Build.0 = Debug|Any CPU
		{97730f5a-1b36-4885-b5b7-13839dc8ceb3}.Debug|Any CPU.ActiveCfg = Debug|Any CPU
		{97730f5a-1b36-4885-b5b7-13839dc8ceb3}.Debug|Any CPU.Build.0 = Debug|Any CPU
		{0c1b65c2-7aca-3fce-2cbf-8cdbc5e1ee93}.Debug|Any CPU.ActiveCfg = Debug|Any CPU
		{0c1b65c2-7aca-3fce-2cbf-8cdbc5e1ee93}.Debug|Any CPU.Build.0 = Debug|Any CPU
		{f0108634-447d-16c9-e367-54b33148201a}.Debug|Any CPU.ActiveCfg = Debug|Any CPU
		{f0108634-447d-16c9-e367-54b33148201a}.Debug|Any CPU.Build.0 = Debug|Any CPU
		{41fd3b10-830e-2818-9e20-67dc45e44437}.Debug|Any CPU.ActiveCfg = Debug|Any CPU
		{41fd3b10-830e-2818-9e20-67dc45e44437}.Debug|Any CPU.Build.0 = Debug|Any CPU
		{d44863ec-d0e9-fe4e-77b7-08ce7288d8b1}.Debug|Any CPU.ActiveCfg = Debug|Any CPU
		{d44863ec-d0e9-fe4e-77b7-08ce7288d8b1}.Debug|Any CPU.Build.0 = Debug|Any CPU
		{607db013-1116-f35e-f91e-8029bdb2e486}.Debug|Any CPU.ActiveCfg = Debug|Any CPU
		{607db013-1116-f35e-f91e-8029bdb2e486}.Debug|Any CPU.Build.0 = Debug|Any CPU
		{0bdf7486-df60-242f-44de-cd250eeb336f}.Debug|Any CPU.ActiveCfg = Debug|Any CPU
		{0bdf7486-df60-242f-44de-cd250eeb336f}.Debug|Any CPU.Build.0 = Debug|Any CPU
		{74e3b927-6779-591f-f265-f2db971c15fa}.Debug|Any CPU.ActiveCfg = Debug|Any CPU
		{74e3b927-6779-591f-f265-f2db971c15fa}.Debug|Any CPU.Build.0 = Debug|Any CPU
		{9d096e73-9ba8-b55a-d51a-59e304b471e4}.Debug|Any CPU.ActiveCfg = Debug|Any CPU
		{9d096e73-9ba8-b55a-d51a-59e304b471e4}.Debug|Any CPU.Build.0 = Debug|Any CPU
		{79efa4ef-0a76-60af-928a-69b2ccf74042}.Debug|Any CPU.ActiveCfg = Debug|Any CPU
		{79efa4ef-0a76-60af-928a-69b2ccf74042}.Debug|Any CPU.Build.0 = Debug|Any CPU
		{7bf50149-4ef0-f87e-5307-b8be6177b895}.Debug|Any CPU.ActiveCfg = Debug|Any CPU
		{7bf50149-4ef0-f87e-5307-b8be6177b895}.Debug|Any CPU.Build.0 = Debug|Any CPU
		{ceaea4b5-003c-1aa2-eaad-10bcc6ca471f}.Debug|Any CPU.ActiveCfg = Debug|Any CPU
		{ceaea4b5-003c-1aa2-eaad-10bcc6ca471f}.Debug|Any CPU.Build.0 = Debug|Any CPU
		{efbcf671-7588-3526-78e3-79ab12d9c42f}.Debug|Any CPU.ActiveCfg = Debug|Any CPU
		{efbcf671-7588-3526-78e3-79ab12d9c42f}.Debug|Any CPU.Build.0 = Debug|Any CPU
		{437bb4f6-879a-ef5e-d4e1-9a73dc18aac9}.Debug|Any CPU.ActiveCfg = Debug|Any CPU
		{437bb4f6-879a-ef5e-d4e1-9a73dc18aac9}.Debug|Any CPU.Build.0 = Debug|Any CPU
		{7aa26df3-b284-edc2-9b28-082abe6b311b}.Debug|Any CPU.ActiveCfg = Debug|Any CPU
		{7aa26df3-b284-edc2-9b28-082abe6b311b}.Debug|Any CPU.Build.0 = Debug|Any CPU
		{732359d4-8094-2ab7-e24e-e2c9a70455a2}.Debug|Any CPU.ActiveCfg = Debug|Any CPU
		{732359d4-8094-2ab7-e24e-e2c9a70455a2}.Debug|Any CPU.Build.0 = Debug|Any CPU
		{8b54b3c2-cf68-b478-9c40-02933ed39bba}.Debug|Any CPU.ActiveCfg = Debug|Any CPU
		{8b54b3c2-cf68-b478-9c40-02933ed39bba}.Debug|Any CPU.Build.0 = Debug|Any CPU
		{d7acca80-f259-5a40-c34d-f644f01f7e9e}.Debug|Any CPU.ActiveCfg = Debug|Any CPU
		{d7acca80-f259-5a40-c34d-f644f01f7e9e}.Debug|Any CPU.Build.0 = Debug|Any CPU
		{d64eaab7-83ee-88f5-55c9-5e726f3928ba}.Debug|Any CPU.ActiveCfg = Debug|Any CPU
		{d64eaab7-83ee-88f5-55c9-5e726f3928ba}.Debug|Any CPU.Build.0 = Debug|Any CPU
		{da8df2a1-074c-10a2-00cc-9a6f3ecc2c03}.Debug|Any CPU.ActiveCfg = Debug|Any CPU
		{da8df2a1-074c-10a2-00cc-9a6f3ecc2c03}.Debug|Any CPU.Build.0 = Debug|Any CPU
		{b7aa0aad-e967-5c12-fea2-147dc2739172}.Debug|Any CPU.ActiveCfg = Debug|Any CPU
		{b7aa0aad-e967-5c12-fea2-147dc2739172}.Debug|Any CPU.Build.0 = Debug|Any CPU
		{0c618355-ab7b-043f-9171-3db8d948eb88}.Debug|Any CPU.ActiveCfg = Debug|Any CPU
		{0c618355-ab7b-043f-9171-3db8d948eb88}.Debug|Any CPU.Build.0 = Debug|Any CPU
		{0f44e799-89de-a852-72a9-d887a0c291b0}.Debug|Any CPU.ActiveCfg = Debug|Any CPU
		{0f44e799-89de-a852-72a9-d887a0c291b0}.Debug|Any CPU.Build.0 = Debug|Any CPU
		{b4fc3ea0-3844-8d8c-5203-25631116cb8d}.Debug|Any CPU.ActiveCfg = Debug|Any CPU
		{b4fc3ea0-3844-8d8c-5203-25631116cb8d}.Debug|Any CPU.Build.0 = Debug|Any CPU
		{9579e4f9-e71a-ab60-6355-6451173f29e8}.Debug|Any CPU.ActiveCfg = Debug|Any CPU
		{9579e4f9-e71a-ab60-6355-6451173f29e8}.Debug|Any CPU.Build.0 = Debug|Any CPU
		{022ead6d-c39a-76e1-c4a4-3af4ac95fe41}.Debug|Any CPU.ActiveCfg = Debug|Any CPU
		{022ead6d-c39a-76e1-c4a4-3af4ac95fe41}.Debug|Any CPU.Build.0 = Debug|Any CPU
		{c44d2f52-d479-ce19-456e-6badcb0e80d7}.Debug|Any CPU.ActiveCfg = Debug|Any CPU
		{c44d2f52-d479-ce19-456e-6badcb0e80d7}.Debug|Any CPU.Build.0 = Debug|Any CPU
		{1dea98e2-c90e-9e2b-220b-f88c0cd8c34e}.Debug|Any CPU.ActiveCfg = Debug|Any CPU
		{1dea98e2-c90e-9e2b-220b-f88c0cd8c34e}.Debug|Any CPU.Build.0 = Debug|Any CPU
		{0a876dc5-0cc6-c8ec-fc86-1e1708f4a0b7}.Debug|Any CPU.ActiveCfg = Debug|Any CPU
		{0a876dc5-0cc6-c8ec-fc86-1e1708f4a0b7}.Debug|Any CPU.Build.0 = Debug|Any CPU
		{617a38eb-82c8-1aee-9afd-a1b339e1d83f}.Debug|Any CPU.ActiveCfg = Debug|Any CPU
		{617a38eb-82c8-1aee-9afd-a1b339e1d83f}.Debug|Any CPU.Build.0 = Debug|Any CPU
		{63b5bc96-854e-e601-79bd-f14fc87adde0}.Debug|Any CPU.ActiveCfg = Debug|Any CPU
		{63b5bc96-854e-e601-79bd-f14fc87adde0}.Debug|Any CPU.Build.0 = Debug|Any CPU
		{7b342d62-516e-e85d-09d2-61d36830b321}.Debug|Any CPU.ActiveCfg = Debug|Any CPU
		{7b342d62-516e-e85d-09d2-61d36830b321}.Debug|Any CPU.Build.0 = Debug|Any CPU
		{ddfcc9be-850d-d32b-2502-7f02f356c133}.Debug|Any CPU.ActiveCfg = Debug|Any CPU
		{ddfcc9be-850d-d32b-2502-7f02f356c133}.Debug|Any CPU.Build.0 = Debug|Any CPU
		{99d20304-1462-8e74-8955-a470422aef4e}.Debug|Any CPU.ActiveCfg = Debug|Any CPU
		{99d20304-1462-8e74-8955-a470422aef4e}.Debug|Any CPU.Build.0 = Debug|Any CPU
		{3dcc3f5e-89b4-8f7b-d5ab-d78fe8fb39d0}.Debug|Any CPU.ActiveCfg = Debug|Any CPU
		{3dcc3f5e-89b4-8f7b-d5ab-d78fe8fb39d0}.Debug|Any CPU.Build.0 = Debug|Any CPU
		{39038bed-9e49-2eb0-2272-50223769134c}.Debug|Any CPU.ActiveCfg = Debug|Any CPU
		{39038bed-9e49-2eb0-2272-50223769134c}.Debug|Any CPU.Build.0 = Debug|Any CPU
		{6b1f127e-a81a-eea2-89a5-3e01684cc71c}.Debug|Any CPU.ActiveCfg = Debug|Any CPU
		{6b1f127e-a81a-eea2-89a5-3e01684cc71c}.Debug|Any CPU.Build.0 = Debug|Any CPU
		{9787254b-b229-ae6f-c883-12f2e9d95ed5}.Debug|Any CPU.ActiveCfg = Debug|Any CPU
		{9787254b-b229-ae6f-c883-12f2e9d95ed5}.Debug|Any CPU.Build.0 = Debug|Any CPU
		{7699a7ad-28c0-4bbc-0edf-368c88bb8083}.Debug|Any CPU.ActiveCfg = Debug|Any CPU
		{7699a7ad-28c0-4bbc-0edf-368c88bb8083}.Debug|Any CPU.Build.0 = Debug|Any CPU
		{f0a311a2-dcc7-fe2e-5923-04973b9fe51b}.Debug|Any CPU.ActiveCfg = Debug|Any CPU
		{f0a311a2-dcc7-fe2e-5923-04973b9fe51b}.Debug|Any CPU.Build.0 = Debug|Any CPU
		{a40e75f9-b3f5-b264-33e5-5cba4c41815c}.Debug|Any CPU.ActiveCfg = Debug|Any CPU
		{a40e75f9-b3f5-b264-33e5-5cba4c41815c}.Debug|Any CPU.Build.0 = Debug|Any CPU
		{2e9b7ec5-6a44-c178-09fc-8067912f2d5d}.Debug|Any CPU.ActiveCfg = Debug|Any CPU
		{2e9b7ec5-6a44-c178-09fc-8067912f2d5d}.Debug|Any CPU.Build.0 = Debug|Any CPU
		{adcea958-aca0-fccb-fac4-463168a91087}.Debug|Any CPU.ActiveCfg = Debug|Any CPU
		{adcea958-aca0-fccb-fac4-463168a91087}.Debug|Any CPU.Build.0 = Debug|Any CPU
		{6dd58234-f148-7377-f3e9-6d7ce31d29f5}.Debug|Any CPU.ActiveCfg = Debug|Any CPU
		{6dd58234-f148-7377-f3e9-6d7ce31d29f5}.Debug|Any CPU.Build.0 = Debug|Any CPU
		{bbb09d81-86ea-eb77-cd7c-55d05c7cc2f8}.Debug|Any CPU.ActiveCfg = Debug|Any CPU
		{bbb09d81-86ea-eb77-cd7c-55d05c7cc2f8}.Debug|Any CPU.Build.0 = Debug|Any CPU
		{45b6c931-1a5e-f496-33b1-ca2534d9763c}.Debug|Any CPU.ActiveCfg = Debug|Any CPU
		{45b6c931-1a5e-f496-33b1-ca2534d9763c}.Debug|Any CPU.Build.0 = Debug|Any CPU
		{739e6412-271f-b0f2-8bdf-9ae41b1d74e0}.Debug|Any CPU.ActiveCfg = Debug|Any CPU
		{739e6412-271f-b0f2-8bdf-9ae41b1d74e0}.Debug|Any CPU.Build.0 = Debug|Any CPU
		{0db0fe34-30cf-9342-37ef-a00b2de5a50b}.Debug|Any CPU.ActiveCfg = Debug|Any CPU
		{0db0fe34-30cf-9342-37ef-a00b2de5a50b}.Debug|Any CPU.Build.0 = Debug|Any CPU
		{def62095-a573-3e21-8560-321625ca09e5}.Debug|Any CPU.ActiveCfg = Debug|Any CPU
		{def62095-a573-3e21-8560-321625ca09e5}.Debug|Any CPU.Build.0 = Debug|Any CPU
		{e94dc475-5c64-3c22-146a-db296ed56aa1}.Debug|Any CPU.ActiveCfg = Debug|Any CPU
		{e94dc475-5c64-3c22-146a-db296ed56aa1}.Debug|Any CPU.Build.0 = Debug|Any CPU
		{9048acda-42bb-af81-00c0-a7a376294f45}.Debug|Any CPU.ActiveCfg = Debug|Any CPU
		{9048acda-42bb-af81-00c0-a7a376294f45}.Debug|Any CPU.Build.0 = Debug|Any CPU
		{029cc2f2-2168-8f3b-b935-c7950a2a80d0}.Debug|Any CPU.ActiveCfg = Debug|Any CPU
		{029cc2f2-2168-8f3b-b935-c7950a2a80d0}.Debug|Any CPU.Build.0 = Debug|Any CPU
		{698c86eb-79d1-b2ca-0c6d-c57ed784ee02}.Debug|Any CPU.ActiveCfg = Debug|Any CPU
		{698c86eb-79d1-b2ca-0c6d-c57ed784ee02}.Debug|Any CPU.Build.0 = Debug|Any CPU
		{4246bafb-0e4e-9f97-bff2-87a957585896}.Debug|Any CPU.ActiveCfg = Debug|Any CPU
		{4246bafb-0e4e-9f97-bff2-87a957585896}.Debug|Any CPU.Build.0 = Debug|Any CPU
		{aef5245b-efc9-d311-2c8b-bbb9b45505bb}.Debug|Any CPU.ActiveCfg = Debug|Any CPU
		{aef5245b-efc9-d311-2c8b-bbb9b45505bb}.Debug|Any CPU.Build.0 = Debug|Any CPU
		{ceede67b-a671-d7f5-4fd6-7735c2b5ae9c}.Debug|Any CPU.ActiveCfg = Debug|Any CPU
		{ceede67b-a671-d7f5-4fd6-7735c2b5ae9c}.Debug|Any CPU.Build.0 = Debug|Any CPU
		{5f4238f7-66a4-9298-d2ac-a83852ea709d}.Debug|Any CPU.ActiveCfg = Debug|Any CPU
		{5f4238f7-66a4-9298-d2ac-a83852ea709d}.Debug|Any CPU.Build.0 = Debug|Any CPU
		{af7dbe2e-0a6c-52e0-a9f4-a4d88857c896}.Debug|Any CPU.ActiveCfg = Debug|Any CPU
		{af7dbe2e-0a6c-52e0-a9f4-a4d88857c896}.Debug|Any CPU.Build.0 = Debug|Any CPU
		{9e2a53aa-d9a3-5514-eb6d-9c27e1977fe3}.Debug|Any CPU.ActiveCfg = Debug|Any CPU
		{9e2a53aa-d9a3-5514-eb6d-9c27e1977fe3}.Debug|Any CPU.Build.0 = Debug|Any CPU
		{197f21e0-949f-2ae5-c449-721fd0a75864}.Debug|Any CPU.ActiveCfg = Debug|Any CPU
		{197f21e0-949f-2ae5-c449-721fd0a75864}.Debug|Any CPU.Build.0 = Debug|Any CPU
		{a34c27e7-8fc9-a8fb-3f6c-39ea3944dfea}.Debug|Any CPU.ActiveCfg = Debug|Any CPU
		{a34c27e7-8fc9-a8fb-3f6c-39ea3944dfea}.Debug|Any CPU.Build.0 = Debug|Any CPU
		{880479db-f73a-e71c-dd23-491b1f5d63f5}.Debug|Any CPU.ActiveCfg = Debug|Any CPU
		{880479db-f73a-e71c-dd23-491b1f5d63f5}.Debug|Any CPU.Build.0 = Debug|Any CPU
		{a4b0bd6a-acd6-c65c-4df9-7e63beb0a41c}.Debug|Any CPU.ActiveCfg = Debug|Any CPU
		{a4b0bd6a-acd6-c65c-4df9-7e63beb0a41c}.Debug|Any CPU.Build.0 = Debug|Any CPU
		{8014d164-144f-d439-d9b0-9f3780d91af2}.Debug|Any CPU.ActiveCfg = Debug|Any CPU
		{8014d164-144f-d439-d9b0-9f3780d91af2}.Debug|Any CPU.Build.0 = Debug|Any CPU
		{87d1eb35-21f4-c322-d656-089904963687}.Debug|Any CPU.ActiveCfg = Debug|Any CPU
		{87d1eb35-21f4-c322-d656-089904963687}.Debug|Any CPU.Build.0 = Debug|Any CPU
		{417e199e-453c-79fd-e1a5-f88caeea5e7c}.Debug|Any CPU.ActiveCfg = Debug|Any CPU
		{417e199e-453c-79fd-e1a5-f88caeea5e7c}.Debug|Any CPU.Build.0 = Debug|Any CPU
		{bb66e746-bb00-cf01-6257-d8859933affa}.Debug|Any CPU.ActiveCfg = Debug|Any CPU
		{bb66e746-bb00-cf01-6257-d8859933affa}.Debug|Any CPU.Build.0 = Debug|Any CPU
		{052637cf-8db3-cdb2-e5a7-c703db59a77c}.Debug|Any CPU.ActiveCfg = Debug|Any CPU
		{052637cf-8db3-cdb2-e5a7-c703db59a77c}.Debug|Any CPU.Build.0 = Debug|Any CPU
		{a8612a07-b957-4875-c7e5-373c7da2b83c}.Debug|Any CPU.ActiveCfg = Debug|Any CPU
		{a8612a07-b957-4875-c7e5-373c7da2b83c}.Debug|Any CPU.Build.0 = Debug|Any CPU
		{da640a38-8518-42f1-3fa9-0f8c2aeeeb63}.Debug|Any CPU.ActiveCfg = Debug|Any CPU
		{da640a38-8518-42f1-3fa9-0f8c2aeeeb63}.Debug|Any CPU.Build.0 = Debug|Any CPU
		{343dfa65-ffc8-889b-69c1-05de1fff89c4}.Debug|Any CPU.ActiveCfg = Debug|Any CPU
		{343dfa65-ffc8-889b-69c1-05de1fff89c4}.Debug|Any CPU.Build.0 = Debug|Any CPU
		{edeee20f-a8b5-1264-eb56-bc57604c89cd}.Debug|Any CPU.ActiveCfg = Debug|Any CPU
		{edeee20f-a8b5-1264-eb56-bc57604c89cd}.Debug|Any CPU.Build.0 = Debug|Any CPU
		{ab21ee04-3ca0-021f-9f16-57559039ac28}.Debug|Any CPU.ActiveCfg = Debug|Any CPU
		{ab21ee04-3ca0-021f-9f16-57559039ac28}.Debug|Any CPU.Build.0 = Debug|Any CPU
		{e4a8429e-9c40-3166-d8de-7b226b160796}.Debug|Any CPU.ActiveCfg = Debug|Any CPU
		{e4a8429e-9c40-3166-d8de-7b226b160796}.Debug|Any CPU.Build.0 = Debug|Any CPU
		{2c40feab-625a-2325-aae2-a9906800adb7}.Debug|Any CPU.ActiveCfg = Debug|Any CPU
		{2c40feab-625a-2325-aae2-a9906800adb7}.Debug|Any CPU.Build.0 = Debug|Any CPU
		{14c8f3ec-8173-ce2d-ba1e-594f8a597f42}.Debug|Any CPU.ActiveCfg = Debug|Any CPU
		{14c8f3ec-8173-ce2d-ba1e-594f8a597f42}.Debug|Any CPU.Build.0 = Debug|Any CPU
		{338acee6-bcaa-78d1-a617-c2822a77f441}.Debug|Any CPU.ActiveCfg = Debug|Any CPU
		{338acee6-bcaa-78d1-a617-c2822a77f441}.Debug|Any CPU.Build.0 = Debug|Any CPU
		{cb5cf4f6-b799-3531-8879-a7abe098c1f5}.Debug|Any CPU.ActiveCfg = Debug|Any CPU
		{cb5cf4f6-b799-3531-8879-a7abe098c1f5}.Debug|Any CPU.Build.0 = Debug|Any CPU
		{0a2a74db-cf83-7923-ae81-a0d86e84924c}.Debug|Any CPU.ActiveCfg = Debug|Any CPU
		{0a2a74db-cf83-7923-ae81-a0d86e84924c}.Debug|Any CPU.Build.0 = Debug|Any CPU
		{ba23a841-a264-af9a-e84b-2134a8b38c2f}.Debug|Any CPU.ActiveCfg = Debug|Any CPU
		{ba23a841-a264-af9a-e84b-2134a8b38c2f}.Debug|Any CPU.Build.0 = Debug|Any CPU
		{84e5f5d1-fb86-859d-b4be-c855aa728f49}.Debug|Any CPU.ActiveCfg = Debug|Any CPU
		{84e5f5d1-fb86-859d-b4be-c855aa728f49}.Debug|Any CPU.Build.0 = Debug|Any CPU
		{aedb199e-3965-dc69-7760-c13ac03635a2}.Debug|Any CPU.ActiveCfg = Debug|Any CPU
		{aedb199e-3965-dc69-7760-c13ac03635a2}.Debug|Any CPU.Build.0 = Debug|Any CPU
		{b89cd5f3-5589-1a4a-1054-82f5ca82db2d}.Debug|Any CPU.ActiveCfg = Debug|Any CPU
		{b89cd5f3-5589-1a4a-1054-82f5ca82db2d}.Debug|Any CPU.Build.0 = Debug|Any CPU
		{8fc71ac7-b713-4902-2554-6ada2d8fd1e4}.Debug|Any CPU.ActiveCfg = Debug|Any CPU
		{8fc71ac7-b713-4902-2554-6ada2d8fd1e4}.Debug|Any CPU.Build.0 = Debug|Any CPU
		{b1135ea3-fa46-4ae2-73e9-6ee708ae5dfb}.Debug|Any CPU.ActiveCfg = Debug|Any CPU
		{b1135ea3-fa46-4ae2-73e9-6ee708ae5dfb}.Debug|Any CPU.Build.0 = Debug|Any CPU
		{8e6767a0-9a61-c8a5-63d8-61cd928e9fc2}.Debug|Any CPU.ActiveCfg = Debug|Any CPU
		{8e6767a0-9a61-c8a5-63d8-61cd928e9fc2}.Debug|Any CPU.Build.0 = Debug|Any CPU
		{a74b83df-362a-5f05-8aa0-4c2146ebfefa}.Debug|Any CPU.ActiveCfg = Debug|Any CPU
		{a74b83df-362a-5f05-8aa0-4c2146ebfefa}.Debug|Any CPU.Build.0 = Debug|Any CPU
		{bfd77383-a219-6886-0c12-2c28b666a319}.Debug|Any CPU.ActiveCfg = Debug|Any CPU
		{bfd77383-a219-6886-0c12-2c28b666a319}.Debug|Any CPU.Build.0 = Debug|Any CPU
		{7643641d-c656-53fd-96c9-555940d1202b}.Debug|Any CPU.ActiveCfg = Debug|Any CPU
		{7643641d-c656-53fd-96c9-555940d1202b}.Debug|Any CPU.Build.0 = Debug|Any CPU
		{06d35502-649d-ea26-64fc-e5dcefc79893}.Debug|Any CPU.ActiveCfg = Debug|Any CPU
		{06d35502-649d-ea26-64fc-e5dcefc79893}.Debug|Any CPU.Build.0 = Debug|Any CPU
		{dc4f5496-1c72-c3b4-d8bb-c46aaca48926}.Debug|Any CPU.ActiveCfg = Debug|Any CPU
		{dc4f5496-1c72-c3b4-d8bb-c46aaca48926}.Debug|Any CPU.Build.0 = Debug|Any CPU
		{43462c57-0fab-e17c-7990-f9a0836c958f}.Debug|Any CPU.ActiveCfg = Debug|Any CPU
		{43462c57-0fab-e17c-7990-f9a0836c958f}.Debug|Any CPU.Build.0 = Debug|Any CPU
		{e909e2b6-529a-a4fe-6e55-e249d4d96d04}.Debug|Any CPU.ActiveCfg = Debug|Any CPU
		{e909e2b6-529a-a4fe-6e55-e249d4d96d04}.Debug|Any CPU.Build.0 = Debug|Any CPU
		{b1625add-16d8-6e59-7245-b8e860b60c30}.Debug|Any CPU.ActiveCfg = Debug|Any CPU
		{b1625add-16d8-6e59-7245-b8e860b60c30}.Debug|Any CPU.Build.0 = Debug|Any CPU
		{7cecf49d-04fb-d181-a9d2-da078327be82}.Debug|Any CPU.ActiveCfg = Debug|Any CPU
		{7cecf49d-04fb-d181-a9d2-da078327be82}.Debug|Any CPU.Build.0 = Debug|Any CPU
		{c65a4db8-29ed-7c94-e8e7-1c0397eea21e}.Debug|Any CPU.ActiveCfg = Debug|Any CPU
		{c65a4db8-29ed-7c94-e8e7-1c0397eea21e}.Debug|Any CPU.Build.0 = Debug|Any CPU
		{86fa946a-961a-7da4-ad35-1f419cfbd015}.Debug|Any CPU.ActiveCfg = Debug|Any CPU
		{86fa946a-961a-7da4-ad35-1f419cfbd015}.Debug|Any CPU.Build.0 = Debug|Any CPU
		{4bec207d-3fe0-3e29-3b61-de7d73712a12}.Debug|Any CPU.ActiveCfg = Debug|Any CPU
		{4bec207d-3fe0-3e29-3b61-de7d73712a12}.Debug|Any CPU.Build.0 = Debug|Any CPU
		{2920441f-ba40-fdec-9723-4782a7d34dc3}.Debug|Any CPU.ActiveCfg = Debug|Any CPU
		{2920441f-ba40-fdec-9723-4782a7d34dc3}.Debug|Any CPU.Build.0 = Debug|Any CPU
		{28143829-5a7f-53a5-7b16-40a85a003449}.Debug|Any CPU.ActiveCfg = Debug|Any CPU
		{28143829-5a7f-53a5-7b16-40a85a003449}.Debug|Any CPU.Build.0 = Debug|Any CPU
		{43fe5167-3989-91f6-63f4-d77c6cd2cc7b}.Debug|Any CPU.ActiveCfg = Debug|Any CPU
		{43fe5167-3989-91f6-63f4-d77c6cd2cc7b}.Debug|Any CPU.Build.0 = Debug|Any CPU
		{4412f330-47b8-2245-1c12-852a77949c7f}.Debug|Any CPU.ActiveCfg = Debug|Any CPU
		{4412f330-47b8-2245-1c12-852a77949c7f}.Debug|Any CPU.Build.0 = Debug|Any CPU
		{a73d5bf8-d50c-1dd7-069e-54eed3bd4b98}.Debug|Any CPU.ActiveCfg = Debug|Any CPU
		{a73d5bf8-d50c-1dd7-069e-54eed3bd4b98}.Debug|Any CPU.Build.0 = Debug|Any CPU
		{16ccb8b0-eb35-9dda-8c8f-e87214b5868a}.Debug|Any CPU.ActiveCfg = Debug|Any CPU
		{16ccb8b0-eb35-9dda-8c8f-e87214b5868a}.Debug|Any CPU.Build.0 = Debug|Any CPU
		{a7c5ea05-3783-773b-6929-3db62aa580b5}.Debug|Any CPU.ActiveCfg = Debug|Any CPU
		{a7c5ea05-3783-773b-6929-3db62aa580b5}.Debug|Any CPU.Build.0 = Debug|Any CPU
		{f0b23119-9961-77df-b1f4-ce242d6b7783}.Debug|Any CPU.ActiveCfg = Debug|Any CPU
		{f0b23119-9961-77df-b1f4-ce242d6b7783}.Debug|Any CPU.Build.0 = Debug|Any CPU
		{84dac5f6-de99-4ea4-7ecb-54b079282144}.Debug|Any CPU.ActiveCfg = Debug|Any CPU
		{84dac5f6-de99-4ea4-7ecb-54b079282144}.Debug|Any CPU.Build.0 = Debug|Any CPU
		{1e2160ad-794e-a155-fbbf-556f732d3d59}.Debug|Any CPU.ActiveCfg = Debug|Any CPU
		{1e2160ad-794e-a155-fbbf-556f732d3d59}.Debug|Any CPU.Build.0 = Debug|Any CPU
		{dd281e3d-4349-c879-153d-9d8eeb338ddf}.Debug|Any CPU.ActiveCfg = Debug|Any CPU
		{dd281e3d-4349-c879-153d-9d8eeb338ddf}.Debug|Any CPU.Build.0 = Debug|Any CPU
		{e64e832c-ae82-1cb6-7d54-8b33b964ad5e}.Debug|Any CPU.ActiveCfg = Debug|Any CPU
		{e64e832c-ae82-1cb6-7d54-8b33b964ad5e}.Debug|Any CPU.Build.0 = Debug|Any CPU
		{a2fdf86a-9b40-bd55-8221-ad21833aa47b}.Debug|Any CPU.ActiveCfg = Debug|Any CPU
		{a2fdf86a-9b40-bd55-8221-ad21833aa47b}.Debug|Any CPU.Build.0 = Debug|Any CPU
		{13278498-53c5-c80f-f9ac-d96001bae037}.Debug|Any CPU.ActiveCfg = Debug|Any CPU
		{13278498-53c5-c80f-f9ac-d96001bae037}.Debug|Any CPU.Build.0 = Debug|Any CPU
		{fc625607-1e55-5296-06ec-1e35553f26db}.Debug|Any CPU.ActiveCfg = Debug|Any CPU
		{fc625607-1e55-5296-06ec-1e35553f26db}.Debug|Any CPU.Build.0 = Debug|Any CPU
		{3a1d553a-124a-7a99-da02-1778434b19f9}.Debug|Any CPU.ActiveCfg = Debug|Any CPU
		{3a1d553a-124a-7a99-da02-1778434b19f9}.Debug|Any CPU.Build.0 = Debug|Any CPU
		{7a4dc21e-3bc3-4183-4468-7e64c95f9384}.Debug|Any CPU.ActiveCfg = Debug|Any CPU
		{7a4dc21e-3bc3-4183-4468-7e64c95f9384}.Debug|Any CPU.Build.0 = Debug|Any CPU
		{d472f5f8-7be8-bb95-82af-ecf3cacb7b7c}.Debug|Any CPU.ActiveCfg = Debug|Any CPU
		{d472f5f8-7be8-bb95-82af-ecf3cacb7b7c}.Debug|Any CPU.Build.0 = Debug|Any CPU
		{51f522ee-a3fa-f4e4-62d3-ca90f2f47d58}.Debug|Any CPU.ActiveCfg = Debug|Any CPU
		{51f522ee-a3fa-f4e4-62d3-ca90f2f47d58}.Debug|Any CPU.Build.0 = Debug|Any CPU
		{3fada54a-3320-34d9-fbc9-2014b17afeda}.Debug|Any CPU.ActiveCfg = Debug|Any CPU
		{3fada54a-3320-34d9-fbc9-2014b17afeda}.Debug|Any CPU.Build.0 = Debug|Any CPU
		{b54438fc-0a82-e0b1-b821-15ebd290aa97}.Debug|Any CPU.ActiveCfg = Debug|Any CPU
		{b54438fc-0a82-e0b1-b821-15ebd290aa97}.Debug|Any CPU.Build.0 = Debug|Any CPU
		{2b4631b3-dc27-5612-41b8-d31b1d35dbdf}.Debug|Any CPU.ActiveCfg = Debug|Any CPU
		{2b4631b3-dc27-5612-41b8-d31b1d35dbdf}.Debug|Any CPU.Build.0 = Debug|Any CPU
		{fbb38adb-a303-0239-9b56-26dba58c8671}.Debug|Any CPU.ActiveCfg = Debug|Any CPU
		{fbb38adb-a303-0239-9b56-26dba58c8671}.Debug|Any CPU.Build.0 = Debug|Any CPU
		{39e2d0b5-4fc0-3460-4a7c-d011a7efc9e3}.Debug|Any CPU.ActiveCfg = Debug|Any CPU
		{39e2d0b5-4fc0-3460-4a7c-d011a7efc9e3}.Debug|Any CPU.Build.0 = Debug|Any CPU
		{0039fdb4-2912-3ed8-fc25-90ff553c0d6b}.Debug|Any CPU.ActiveCfg = Debug|Any CPU
		{0039fdb4-2912-3ed8-fc25-90ff553c0d6b}.Debug|Any CPU.Build.0 = Debug|Any CPU
		{e7362e53-b3ce-d446-b2d3-b4f689066b27}.Debug|Any CPU.ActiveCfg = Debug|Any CPU
		{e7362e53-b3ce-d446-b2d3-b4f689066b27}.Debug|Any CPU.Build.0 = Debug|Any CPU
		{f66e04f5-f65a-f52c-16e3-259937e2b9f5}.Debug|Any CPU.ActiveCfg = Debug|Any CPU
		{f66e04f5-f65a-f52c-16e3-259937e2b9f5}.Debug|Any CPU.Build.0 = Debug|Any CPU
		{0e59c791-45ce-bfd7-c296-20ea48d47dce}.Debug|Any CPU.ActiveCfg = Debug|Any CPU
		{0e59c791-45ce-bfd7-c296-20ea48d47dce}.Debug|Any CPU.Build.0 = Debug|Any CPU
		{2966ff2a-bc0a-fd9c-f0a6-8337d67ce2e5}.Debug|Any CPU.ActiveCfg = Debug|Any CPU
		{2966ff2a-bc0a-fd9c-f0a6-8337d67ce2e5}.Debug|Any CPU.Build.0 = Debug|Any CPU
	EndGlobalSection
	GlobalSection(SolutionProperties) = preSolution
		HideSolutionNode = FALSE
	EndGlobalSection
EndGlobal
